version = 1
revision = 3
requires-python = ">=3.14"

[[package]]
name = "cython"
version = "3.2.6"
source = { registry = "https://pypi.org/simple" }
sdist = { url = "https://files.pythonhosted.org/packages/7e/48/89a4aa420f63ff35bd0081433e483a991234558fefb1ac4e4f1b62b059b9/cython-3.2.6.tar.gz", hash = "sha256:6509472a245ccdf5fd11637a4744a1edfd38debb1a48332a8f3fe4b07db725bd", size = 3286970, upload-time = "2026-06-24T17:17:50.521Z" }
wheels = [
    { url = "https://files.pythonhosted.org/packages/f8/32/6d867607ea2b2cddf90d31ddc97974ffd7fae51407a956a090a98b463ff0/cython-3.2.6-cp314-cp314-macosx_11_0_arm64.whl", hash = "sha256:7a06b86bc7f319f73586d59b9fc7e03b737f4e64340520acb1aa72bacd2ddb4b", size = 2990484, upload-time = "2026-06-24T17:18:47.067Z" },
    { url = "https://files.pythonhosted.org/packages/30/7b/2d744baffbffd51727e4a7f2d6094630e4ca1e88a1399161e526de82b1f1/cython-3.2.6-cp39-abi3-macosx_10_9_x86_64.whl", hash = "sha256:9a5e31253e54a93b05aaab46f5b3ee0002112cf040b09476921e75115fd40321", size = 2886759, upload-time = "2026-06-24T17:19:05.13Z" },
    { url = "https://files.pythonhosted.org/packages/57/ed/883d0784250c6a2e21e01bce01752faf1966c634a193e5afb25a67c02fff/cython-3.2.6-py3-none-any.whl", hash = "sha256:6b1e044b465b66eb242d5a415072a54c4b0325557e5e91fc134f003fdcc20150", size = 1257444, upload-time = "2026-06-24T17:17:40.19Z" },
]

[[package]]
name = "donkey-kong-3d"
version = "0.1.0"
source = { virtual = "." }
dependencies = [
    { name = "ursina" },
]

[package.metadata]
requires-dist = [{ name = "ursina", specifier = ">=8.3.0" }]

[[package]]
name = "panda3d"
version = "1.10.16"
source = { registry = "https://pypi.org/simple" }
wheels = [
    { url = "https://files.pythonhosted.org/packages/46/03/e8cfa0945819013265f307d22556706580b5708886a3c3eefd4646564876/panda3d-1.10.16-cp314-cp314-macosx_11_0_universal2.whl", hash = "sha256:7c7405363cee90c669ca05f1ac78740f8b34d8cffaf5a6ab98205994a4f6f470", size = 122415485, upload-time = "2025-12-25T19:29:40.528Z" },
    { url = "https://files.pythonhosted.org/packages/d4/96/355ef9b2fe94b53ad40a9b77fe2c7dc695b2d2bebb7b347e4262770a973a/panda3d-1.10.16-cp314-cp314-manylinux2014_aarch64.whl", hash = "sha256:35bacb8f879abe056ba300650d134326a5a3472c97b99d17b5b775bef4161f3d", size = 48733801, upload-time = "2025-12-25T19:29:45.647Z" },
    { url = "https://files.pythonhosted.org/packages/20/78/7b267a61ba97cd80acf52d16e67e6d1a1060775544404aec8d7939fd7d6c/panda3d-1.10.16-cp314-cp314-manylinux2014_x86_64.whl", hash = "sha256:16cb0feb8b4d97d2e1a7620650b8c1f9b1e561eb738cb4b69646e773ea942693", size = 53987429, upload-time = "2025-12-25T19:29:50.777Z" },
    { url = "https://files.pythonhosted.org/packages/2d/93/2e856d9b336b1dd8aa4b7088514781d3afd4b2d37f4a4acc5c287bf2d74f/panda3d-1.10.16-cp314-cp314-win32.whl", hash = "sha256:e4f7e161a8fa3e0f52bb1822dc21053e3d3503ec9550a3a07bb2acda8491c97c", size = 57078983, upload-time = "2025-12-25T19:30:25.686Z" },
    { url = "https://files.pythonhosted.org/packages/3e/72/09a544c447c357e4babc0f81021a058a02680d5bca6b732757c9952f9b3b/panda3d-1.10.16-cp314-cp314-win_amd64.whl", hash = "sha256:0978ca7d2953d37ed3ed8d99abd1ee77bbfc75fe6ea47019d0f5f5dad830d853", size = 69839160, upload-time = "2025-12-25T19:30:31.708Z" },
    { url = "https://files.pythonhosted.org/packages/31/a3/898911bbcc515eab32df169e289f10056fe74d594907dd593eded5fc1b71/panda3d-1.10.16-cp314-cp314t-macosx_11_0_universal2.whl", hash = "sha256:b45c89a24b96302a1dd13bbf33b943ee4781711d6c7e75c920941c05f1c9d176", size = 128065871, upload-time = "2025-12-25T19:29:58.72Z" },
    { url = "https://files.pythonhosted.org/packages/18/f6/b2f6fa8e7390b985c26a32a32839ec8b42c8f57ddd03770ea1fbe5cb5852/panda3d-1.10.16-cp314-cp314t-manylinux2014_aarch64.whl", hash = "sha256:8476826dd35c633870fb30754bddbfd83572903181628a3bbe2cdbece602ec0e", size = 49225206, upload-time = "2025-12-25T19:30:04.054Z" },
    { url = "https://files.pythonhosted.org/packages/8e/07/391b4dd6142539ab360b587bd7b17f25ab52d3e6acf2f22a7a8929544a87/panda3d-1.10.16-cp314-cp314t-manylinux2014_x86_64.whl", hash = "sha256:90712b13bdcbec4222af8573d8f20f4ded3928368b8fe2110dc9bd42c3d59067", size = 54433358, upload-time = "2025-12-25T19:30:08.525Z" },
    { url = "https://files.pythonhosted.org/packages/4d/22/58cbe1d4a2c7075b924527bd4edf22f0209a3357337098e7e2a222acb02e/panda3d-1.10.16-cp314-cp314t-win32.whl", hash = "sha256:89b38011329c6324a726752e0a4f9b85936afb1f0d777297eb526549600338f4", size = 57197476, upload-time = "2025-12-25T19:30:13.307Z" },
    { url = "https://files.pythonhosted.org/packages/9d/0a/ab1e63ebd5dd31e05a57efa9aaa6a9ed16c2712dc08b74523148c137fd7b/panda3d-1.10.16-cp314-cp314t-win_amd64.whl", hash = "sha256:66485e7518a58a078167f3f1c1b87d969089259df0409ec8d7d6cb2a9e800e41", size = 69891809, upload-time = "2025-12-25T19:30:19.733Z" },
]

[[package]]
name = "panda3d-gltf"
version = "1.3.0"
source = { registry = "https://pypi.org/simple" }
dependencies = [
    { name = "panda3d" },
    { name = "panda3d-simplepbr" },
]
sdist = { url = "https://files.pythonhosted.org/packages/6b/e9/36ea1b84bfbe4fafc60216fb8eb3f71ef3aa7156569f475621f8bb5eeb5e/panda3d_gltf-1.3.0.tar.gz", hash = "sha256:40ed155ca060f662e53c9bd5526fa91024dd308bc61ebe27218b20a5afb1d9ff", size = 29038, upload-time = "2025-03-16T05:57:25.315Z" }
wheels = [
    { url = "https://files.pythonhosted.org/packages/24/0f/b9406c4434422822039a4daefdc479e71326131f2a0f80f88f7cfc60e9c8/panda3d_gltf-1.3.0-py3-none-any.whl", hash = "sha256:2512500ee7e2fc13431dc47e9510efff2c29b9dd82714bd2c36165be2c82ef97", size = 27758, upload-time = "2025-03-16T05:57:24.021Z" },
]

[[package]]
name = "panda3d-simplepbr"
version = "0.13.1"
source = { registry = "https://pypi.org/simple" }
dependencies = [
    { name = "panda3d" },
    { name = "typing-extensions" },
]
sdist = { url = "https://files.pythonhosted.org/packages/0d/be/c4d1ded04c22b357277cf6e6a44c1ab4abb285a700bd1991460460e05b99/panda3d_simplepbr-0.13.1.tar.gz", hash = "sha256:c83766d7c8f47499f365a07fe1dff078fc8b3054c2689bdc8dceabddfe7f1a35", size = 6216055, upload-time = "2025-03-30T16:57:41.087Z" }
wheels = [
    { url = "https://files.pythonhosted.org/packages/11/5d/3744c6550dddf933785a37cdd4a9921fe13284e6d115b5a2637fe390f158/panda3d_simplepbr-0.13.1-py3-none-any.whl", hash = "sha256:cda41cb57cff035b851646956cfbdcc408bee42511dabd4f2d7bd4fbf48c57a9", size = 2457097, upload-time = "2025-03-30T16:57:39.729Z" },
]

[[package]]
name = "pillow"
version = "12.2.0"
source = { registry = "https://pypi.org/simple" }
sdist = { url = "https://files.pythonhosted.org/packages/8c/21/c2bcdd5906101a30244eaffc1b6e6ce71a31bd0742a01eb89e660ebfac2d/pillow-12.2.0.tar.gz", hash = "sha256:a830b1a40919539d07806aa58e1b114df53ddd43213d9c8b75847eee6c0182b5", size = 46987819, upload-time = "2026-04-01T14:46:17.687Z" }
wheels = [
    { url = "https://files.pythonhosted.org/packages/bf/98/4595daa2365416a86cb0d495248a393dfc84e96d62ad080c8546256cb9c0/pillow-12.2.0-cp314-cp314-ios_13_0_arm64_iphoneos.whl", hash = "sha256:3adc9215e8be0448ed6e814966ecf3d9952f0ea40eb14e89a102b87f450660d8", size = 4100848, upload-time = "2026-04-01T14:44:48.48Z" },
    { url = "https://files.pythonhosted.org/packages/0b/79/40184d464cf89f6663e18dfcf7ca21aae2491fff1a16127681bf1fa9b8cf/pillow-12.2.0-cp314-cp314-ios_13_0_arm64_iphonesimulator.whl", hash = "sha256:6a9adfc6d24b10f89588096364cc726174118c62130c817c2837c60cf08a392b", size = 4176515, upload-time = "2026-04-01T14:44:51.353Z" },
    { url = "https://files.pythonhosted.org/packages/b0/63/703f86fd4c422a9cf722833670f4f71418fb116b2853ff7da722ea43f184/pillow-12.2.0-cp314-cp314-ios_13_0_x86_64_iphonesimulator.whl", hash = "sha256:6a6e67ea2e6feda684ed370f9a1c52e7a243631c025ba42149a2cc5934dec295", size = 3640159, upload-time = "2026-04-01T14:44:53.588Z" },
    { url = "https://files.pythonhosted.org/packages/71/e0/fb22f797187d0be2270f83500aab851536101b254bfa1eae10795709d283/pillow-12.2.0-cp314-cp314-macosx_10_15_x86_64.whl", hash = "sha256:2bb4a8d594eacdfc59d9e5ad972aa8afdd48d584ffd5f13a937a664c3e7db0ed", size = 5312185, upload-time = "2026-04-01T14:44:56.039Z" },
    { url = "https://files.pythonhosted.org/packages/ba/8c/1a9e46228571de18f8e28f16fabdfc20212a5d019f3e3303452b3f0a580d/pillow-12.2.0-cp314-cp314-macosx_11_0_arm64.whl", hash = "sha256:80b2da48193b2f33ed0c32c38140f9d3186583ce7d516526d462645fd98660ae", size = 4695386, upload-time = "2026-04-01T14:44:58.663Z" },
    { url = "https://files.pythonhosted.org/packages/70/62/98f6b7f0c88b9addd0e87c217ded307b36be024d4ff8869a812b241d1345/pillow-12.2.0-cp314-cp314-manylinux2014_aarch64.manylinux_2_17_aarch64.whl", hash = "sha256:22db17c68434de69d8ecfc2fe821569195c0c373b25cccb9cbdacf2c6e53c601", size = 6280384, upload-time = "2026-04-01T14:45:01.5Z" },
    { url = "https://files.pythonhosted.org/packages/5e/03/688747d2e91cfbe0e64f316cd2e8005698f76ada3130d0194664174fa5de/pillow-12.2.0-cp314-cp314-manylinux2014_x86_64.manylinux_2_17_x86_64.whl", hash = "sha256:7b14cc0106cd9aecda615dd6903840a058b4700fcb817687d0ee4fc8b6e389be", size = 8091599, upload-time = "2026-04-01T14:45:04.5Z" },
    { url = "https://files.pythonhosted.org/packages/f6/35/577e22b936fcdd66537329b33af0b4ccfefaeabd8aec04b266528cddb33c/pillow-12.2.0-cp314-cp314-manylinux_2_27_aarch64.manylinux_2_28_aarch64.whl", hash = "sha256:8cbeb542b2ebc6fcdacabf8aca8c1a97c9b3ad3927d46b8723f9d4f033288a0f", size = 6396021, upload-time = "2026-04-01T14:45:07.117Z" },
    { url = "https://files.pythonhosted.org/packages/11/8d/d2532ad2a603ca2b93ad9f5135732124e57811d0168155852f37fbce2458/pillow-12.2.0-cp314-cp314-manylinux_2_27_x86_64.manylinux_2_28_x86_64.whl", hash = "sha256:4bfd07bc812fbd20395212969e41931001fd59eb55a60658b0e5710872e95286", size = 7083360, upload-time = "2026-04-01T14:45:09.763Z" },
    { url = "https://files.pythonhosted.org/packages/5e/26/d325f9f56c7e039034897e7380e9cc202b1e368bfd04d4cbe6a441f02885/pillow-12.2.0-cp314-cp314-musllinux_1_2_aarch64.whl", hash = "sha256:9aba9a17b623ef750a4d11b742cbafffeb48a869821252b30ee21b5e91392c50", size = 6507628, upload-time = "2026-04-01T14:45:12.378Z" },
    { url = "https://files.pythonhosted.org/packages/5f/f7/769d5632ffb0988f1c5e7660b3e731e30f7f8ec4318e94d0a5d674eb65a4/pillow-12.2.0-cp314-cp314-musllinux_1_2_x86_64.whl", hash = "sha256:deede7c263feb25dba4e82ea23058a235dcc2fe1f6021025dc71f2b618e26104", size = 7209321, upload-time = "2026-04-01T14:45:15.122Z" },
    { url = "https://files.pythonhosted.org/packages/6a/7a/c253e3c645cd47f1aceea6a8bacdba9991bf45bb7dfe927f7c893e89c93c/pillow-12.2.0-cp314-cp314-win32.whl", hash = "sha256:632ff19b2778e43162304d50da0181ce24ac5bb8180122cbe1bf4673428328c7", size = 6479723, upload-time = "2026-04-01T14:45:17.797Z" },
    { url = "https://files.pythonhosted.org/packages/cd/8b/601e6566b957ca50e28725cb6c355c59c2c8609751efbecd980db44e0349/pillow-12.2.0-cp314-cp314-win_amd64.whl", hash = "sha256:4e6c62e9d237e9b65fac06857d511e90d8461a32adcc1b9065ea0c0fa3a28150", size = 7217400, upload-time = "2026-04-01T14:45:20.529Z" },
    { url = "https://files.pythonhosted.org/packages/d6/94/220e46c73065c3e2951bb91c11a1fb636c8c9ad427ac3ce7d7f3359b9b2f/pillow-12.2.0-cp314-cp314-win_arm64.whl", hash = "sha256:b1c1fbd8a5a1af3412a0810d060a78b5136ec0836c8a4ef9aa11807f2a22f4e1", size = 2554835, upload-time = "2026-04-01T14:45:23.162Z" },
    { url = "https://files.pythonhosted.org/packages/b6/ab/1b426a3974cb0e7da5c29ccff4807871d48110933a57207b5a676cccc155/pillow-12.2.0-cp314-cp314t-macosx_10_15_x86_64.whl", hash = "sha256:57850958fe9c751670e49b2cecf6294acc99e562531f4bd317fa5ddee2068463", size = 5314225, upload-time = "2026-04-01T14:45:25.637Z" },
    { url = "https://files.pythonhosted.org/packages/19/1e/dce46f371be2438eecfee2a1960ee2a243bbe5e961890146d2dee1ff0f12/pillow-12.2.0-cp314-cp314t-macosx_11_0_arm64.whl", hash = "sha256:d5d38f1411c0ed9f97bcb49b7bd59b6b7c314e0e27420e34d99d844b9ce3b6f3", size = 4698541, upload-time = "2026-04-01T14:45:28.355Z" },
    { url = "https://files.pythonhosted.org/packages/55/c3/7fbecf70adb3a0c33b77a300dc52e424dc22ad8cdc06557a2e49523b703d/pillow-12.2.0-cp314-cp314t-manylinux2014_aarch64.manylinux_2_17_aarch64.whl", hash = "sha256:5c0a9f29ca8e79f09de89293f82fc9b0270bb4af1d58bc98f540cc4aedf03166", size = 6322251, upload-time = "2026-04-01T14:45:30.924Z" },
    { url = "https://files.pythonhosted.org/packages/1c/3c/7fbc17cfb7e4fe0ef1642e0abc17fc6c94c9f7a16be41498e12e2ba60408/pillow-12.2.0-cp314-cp314t-manylinux2014_x86_64.manylinux_2_17_x86_64.whl", hash = "sha256:1610dd6c61621ae1cf811bef44d77e149ce3f7b95afe66a4512f8c59f25d9ebe", size = 8127807, upload-time = "2026-04-01T14:45:33.908Z" },
    { url = "https://files.pythonhosted.org/packages/ff/c3/a8ae14d6defd2e448493ff512fae903b1e9bd40b72efb6ec55ce0048c8ce/pillow-12.2.0-cp314-cp314t-manylinux_2_27_aarch64.manylinux_2_28_aarch64.whl", hash = "sha256:0a34329707af4f73cf1782a36cd2289c0368880654a2c11f027bcee9052d35dd", size = 6433935, upload-time = "2026-04-01T14:45:36.623Z" },
    { url = "https://files.pythonhosted.org/packages/6e/32/2880fb3a074847ac159d8f902cb43278a61e85f681661e7419e6596803ed/pillow-12.2.0-cp314-cp314t-manylinux_2_27_x86_64.manylinux_2_28_x86_64.whl", hash = "sha256:8e9c4f5b3c546fa3458a29ab22646c1c6c787ea8f5ef51300e5a60300736905e", size = 7116720, upload-time = "2026-04-01T14:45:39.258Z" },
    { url = "https://files.pythonhosted.org/packages/46/87/495cc9c30e0129501643f24d320076f4cc54f718341df18cc70ec94c44e1/pillow-12.2.0-cp314-cp314t-musllinux_1_2_aarch64.whl", hash = "sha256:fb043ee2f06b41473269765c2feae53fc2e2fbf96e5e22ca94fb5ad677856f06", size = 6540498, upload-time = "2026-04-01T14:45:41.879Z" },
    { url = "https://files.pythonhosted.org/packages/18/53/773f5edca692009d883a72211b60fdaf8871cbef075eaa9d577f0a2f989e/pillow-12.2.0-cp314-cp314t-musllinux_1_2_x86_64.whl", hash = "sha256:f278f034eb75b4e8a13a54a876cc4a5ab39173d2cdd93a638e1b467fc545ac43", size = 7239413, upload-time = "2026-04-01T14:45:44.705Z" },
    { url = "https://files.pythonhosted.org/packages/c9/e4/4b64a97d71b2a83158134abbb2f5bd3f8a2ea691361282f010998f339ec7/pillow-12.2.0-cp314-cp314t-win32.whl", hash = "sha256:6bb77b2dcb06b20f9f4b4a8454caa581cd4dd0643a08bacf821216a16d9c8354", size = 6482084, upload-time = "2026-04-01T14:45:47.568Z" },
    { url = "https://files.pythonhosted.org/packages/ba/13/306d275efd3a3453f72114b7431c877d10b1154014c1ebbedd067770d629/pillow-12.2.0-cp314-cp314t-win_amd64.whl", hash = "sha256:6562ace0d3fb5f20ed7290f1f929cae41b25ae29528f2af1722966a0a02e2aa1", size = 7225152, upload-time = "2026-04-01T14:45:50.032Z" },
    { url = "https://files.pythonhosted.org/packages/ff/6e/cf826fae916b8658848d7b9f38d88da6396895c676e8086fc0988073aaf8/pillow-12.2.0-cp314-cp314t-win_arm64.whl", hash = "sha256:aa88ccfe4e32d362816319ed727a004423aab09c5cea43c01a4b435643fa34eb", size = 2556579, upload-time = "2026-04-01T14:45:52.529Z" },
]

[[package]]
name = "pyobjc-core"
version = "12.2.1"
source = { registry = "https://pypi.org/simple" }
sdist = { url = "https://files.pythonhosted.org/packages/b4/b1/729f7458a63758bd21716648a8abcd9a0c8f2d2e9897763c8a1a1c7fd31b/pyobjc_core-12.2.1.tar.gz", hash = "sha256:7a7b9b018402342cf32bf1956366896350fbe5c0478cb3ef59778f77abed7f07", size = 1063383, upload-time = "2026-06-19T16:19:39.357Z" }
wheels = [
    { url = "https://files.pythonhosted.org/packages/bd/8a/cfa4f56939d554dbb342ec6e5226a441e2f552bc2002a0ddf7705bb11bef/pyobjc_core-12.2.1-cp314-cp314-macosx_10_15_universal2.whl", hash = "sha256:2b8fc0531c27277325e113ac00b8a72a82e6145f0a88175b9425d8de814ff69a", size = 6429289, upload-time = "2026-06-19T16:05:02.191Z" },
    { url = "https://files.pythonhosted.org/packages/42/74/446c89bc18103aaa4a00d1fb85ff8acace9a0dc3f362d9678ebf7571e275/pyobjc_core-12.2.1-cp314-cp314t-macosx_10_15_universal2.whl", hash = "sha256:9bef500f979e22d54f9da3aaebf6a48f873234b324858bd69256055a318955c7", size = 6690181, upload-time = "2026-06-19T16:05:06.201Z" },
    { url = "https://files.pythonhosted.org/packages/99/c7/0121ee4c616af07ad2de8cd1a286f6978dc9a227eb58b7c2e875cb68a1df/pyobjc_core-12.2.1-cp315-cp315-macosx_10_15_universal2.whl", hash = "sha256:047c226eeb58a2993ace5e8904e71cc9426ee20d064c617f8fbf32717d37093e", size = 6487078, upload-time = "2026-06-19T16:05:10.093Z" },
    { url = "https://files.pythonhosted.org/packages/b5/a8/cb9fcc150f97d0bf22a2028f88b24cc35949beb1bcc7b8bc5c17d4401677/pyobjc_core-12.2.1-cp315-cp315t-macosx_10_15_universal2.whl", hash = "sha256:1188613805336270279570467e4455b74cb6c0f60913ac74c917ee1c37cfaecb", size = 6733064, upload-time = "2026-06-19T16:05:14.313Z" },
]

[[package]]
name = "pyobjc-framework-cocoa"
version = "12.2.1"
source = { registry = "https://pypi.org/simple" }
dependencies = [
    { name = "pyobjc-core" },
]
sdist = { url = "https://files.pythonhosted.org/packages/51/34/fbe38a204643aa4e1b91391cdce07a34da565a69171ebcad08de7438a556/pyobjc_framework_cocoa-12.2.1.tar.gz", hash = "sha256:b94b37fe5730e5ae1fb0052912cd174e6ec329b0bfba4a012ae5db1014b5864b", size = 3125751, upload-time = "2026-06-19T16:20:05.159Z" }
wheels = [
    { url = "https://files.pythonhosted.org/packages/ec/c8/b90baa8f3592eded79b4be98fb59d2b8dc16b62361e34292bd95806ebd9f/pyobjc_framework_cocoa-12.2.1-cp314-cp314-macosx_10_15_universal2.whl", hash = "sha256:b386c324d64ae565c1f6b7dfb77be68f640a1c7c23caa6966ab661131f519561", size = 388357, upload-time = "2026-06-19T16:07:43.364Z" },
    { url = "https://files.pythonhosted.org/packages/98/d8/64a94651b9294702d55e748d94de30e25bc59d0784526be7643f4467eccd/pyobjc_framework_cocoa-12.2.1-cp314-cp314t-macosx_10_15_universal2.whl", hash = "sha256:a6c584e2af0813cb2f6103b184e632665a26f58c1bd5b08ffd6e95a19c617f7b", size = 392404, upload-time = "2026-06-19T16:07:44.955Z" },
    { url = "https://files.pythonhosted.org/packages/5c/cc/26e8a7bf1f5e8caa38b7f80d486296f9fd3c97e71ad7e5444ef22e802758/pyobjc_framework_cocoa-12.2.1-cp315-cp315-macosx_10_15_universal2.whl", hash = "sha256:b6023657b8d6cc049a21bd6b4752425f2f53c42f9f0b02d64c7608cc484bf103", size = 388589, upload-time = "2026-06-19T16:07:46.276Z" },
    { url = "https://files.pythonhosted.org/packages/b6/f3/eedf743a303ea742b8e082afe3613fb4d6618bc1a48cf2568b004ce906f7/pyobjc_framework_cocoa-12.2.1-cp315-cp315t-macosx_10_15_universal2.whl", hash = "sha256:c685ccd8e266a07cf912a2c5a13b1f2eff2a868a1aff163b4801b4687bd425e1", size = 392691, upload-time = "2026-06-19T16:07:47.477Z" },
]

[[package]]
name = "pyperclip"
version = "1.11.0"
source = { registry = "https://pypi.org/simple" }
sdist = { url = "https://files.pythonhosted.org/packages/e8/52/d87eba7cb129b81563019d1679026e7a112ef76855d6159d24754dbd2a51/pyperclip-1.11.0.tar.gz", hash = "sha256:244035963e4428530d9e3a6101a1ef97209c6825edab1567beac148ccc1db1b6", size = 12185, upload-time = "2025-09-26T14:40:37.245Z" }
wheels = [
    { url = "https://files.pythonhosted.org/packages/df/80/fc9d01d5ed37ba4c42ca2b55b4339ae6e200b456be3a1aaddf4a9fa99b8c/pyperclip-1.11.0-py3-none-any.whl", hash = "sha256:299403e9ff44581cb9ba2ffeed69c7aa96a008622ad0c46cb575ca75b5b84273", size = 11063, upload-time = "2025-09-26T14:40:36.069Z" },
]

[[package]]
name = "screeninfo"
version = "0.8.1"
source = { registry = "https://pypi.org/simple" }
dependencies = [
    { name = "cython", marker = "sys_platform == 'darwin'" },
    { name = "pyobjc-framework-cocoa", marker = "sys_platform == 'darwin'" },
]
sdist = { url = "https://files.pythonhosted.org/packages/ec/bb/e69e5e628d43f118e0af4fc063c20058faa8635c95a1296764acc8167e27/screeninfo-0.8.1.tar.gz", hash = "sha256:9983076bcc7e34402a1a9e4d7dabf3729411fd2abb3f3b4be7eba73519cd2ed1", size = 10666, upload-time = "2022-09-09T11:35:23.419Z" }
wheels = [
    { url = "https://files.pythonhosted.org/packages/6e/bf/c5205d480307bef660e56544b9e3d7ff687da776abb30c9cb3f330887570/screeninfo-0.8.1-py3-none-any.whl", hash = "sha256:e97d6b173856edcfa3bd282f81deb528188aff14b11ec3e195584e7641be733c", size = 12907, upload-time = "2022-09-09T11:35:21.351Z" },
]

[[package]]
name = "sswg"
version = "4.3.0"
source = { registry = "https://pypi.org/simple" }
sdist = { url = "https://files.pythonhosted.org/packages/1f/2c/824fa5e96385cd3325279b0198e526ac23c13ee011c574bc18ba8fe04d9e/sswg-4.3.0.tar.gz", hash = "sha256:dbc2b6282fd19070eeb2b302039c4eedf7afb4fbf5a0a20490e16bb7fd516f8a", size = 6641, upload-time = "2025-06-06T21:28:14.694Z" }
wheels = [
    { url = "https://files.pythonhosted.org/packages/03/54/cda746af289bced80c69d30d31f378f36833164931646e373ec83f05c7d9/sswg-4.3.0-py3-none-any.whl", hash = "sha256:c4d0e559ab7ffd37e36d9a072861e12d93d57ae66564b93b87bc239f0c8b6283", size = 6862, upload-time = "2025-06-06T21:28:13.593Z" },
]

[[package]]
name = "typing-extensions"
version = "4.15.0"
source = { registry = "https://pypi.org/simple" }
sdist = { url = "https://files.pythonhosted.org/packages/72/94/1a15dd82efb362ac84269196e94cf00f187f7ed21c242792a923cdb1c61f/typing_extensions-4.15.0.tar.gz", hash = "sha256:0cea48d173cc12fa28ecabc3b837ea3cf6f38c6d1136f85cbaaf598984861466", size = 109391, upload-time = "2025-08-25T13:49:26.313Z" }
wheels = [
    { url = "https://files.pythonhosted.org/packages/18/67/36e9267722cc04a6b9f15c7f3441c2363321a3ea07da7ae0c0707beb2a9c/typing_extensions-4.15.0-py3-none-any.whl", hash = "sha256:f0fa19c6845758ab08074a0cfa8b7aecb71c999ca73d62883bc25cc018c4e548", size = 44614, upload-time = "2025-08-25T13:49:24.86Z" },
]

[[package]]
name = "ursina"
version = "8.3.0"
source = { registry = "https://pypi.org/simple" }
dependencies = [
    { name = "panda3d" },
    { name = "panda3d-gltf" },
    { name = "pillow" },
    { name = "pyperclip" },
    { name = "screeninfo" },
    { name = "sswg" },
]
sdist = { url = "https://files.pythonhosted.org/packages/2a/7f/89ce04495597830aad2734b9a4c62068b9a61eab9f592541e46e881535f1/ursina-8.3.0.tar.gz", hash = "sha256:a2f6a7973c2dd805130dbdb080f76ab43995bfa5a83438c7a016fbe4268deb6d", size = 4269469, upload-time = "2025-12-06T22:14:00.146Z" }
wheels = [
    { url = "https://files.pythonhosted.org/packages/c2/9a/f32dac3e2405dbc6613304ac660546b9a60369a1c41b8d963552793603c7/ursina-8.3.0-py3-none-any.whl", hash = "sha256:9202abb94824614e837d1dd8766e295cf426c3c7910ccab9f885c7436fff8e3d", size = 4336265, upload-time = "2025-12-06T22:13:54.854Z" },
]
